// !$*UTF8*$!
{
	archiveVersion = 1;
	classes = {
	};
	objectVersion = 56;
	objects = {

/* Begin PBXBuildFile section */
		043189B02A08C46B001D7073 /* LoginView.swift in Sources */ = {isa = PBXBuildFile; fileRef = 043189AF2A08C46B001D7073 /* LoginView.swift */; };
		043189B52A08CD47001D7073 /* String.swift in Sources */ = {isa = PBXBuildFile; fileRef = 043189B42A08CD47001D7073 /* String.swift */; };
		043189B72A08D25F001D7073 /* SignUpView.swift in Sources */ = {isa = PBXBuildFile; fileRef = 043189B62A08D25F001D7073 /* SignUpView.swift */; };
		04C347D62A1B20CB00642417 /* Laporan.swift in Sources */ = {isa = PBXBuildFile; fileRef = 04C347D52A1B20CB00642417 /* Laporan.swift */; };
		04C347D82A1B220100642417 /* Admin.swift in Sources */ = {isa = PBXBuildFile; fileRef = 04C347D72A1B220100642417 /* Admin.swift */; };
		04C347DB2A1B228D00642417 /* LaporanViewModel.swift in Sources */ = {isa = PBXBuildFile; fileRef = 04C347DA2A1B228D00642417 /* LaporanViewModel.swift */; };
		2053F32729F8604B00E9925E /* TailTrackApp.swift in Sources */ = {isa = PBXBuildFile; fileRef = 2053F32629F8604B00E9925E /* TailTrackApp.swift */; };
		2053F32929F8604B00E9925E /* ContentView.swift in Sources */ = {isa = PBXBuildFile; fileRef = 2053F32829F8604B00E9925E /* ContentView.swift */; };
		2053F32B29F8604C00E9925E /* Assets.xcassets in Resources */ = {isa = PBXBuildFile; fileRef = 2053F32A29F8604C00E9925E /* Assets.xcassets */; };
		2053F32E29F8604C00E9925E /* Preview Assets.xcassets in Resources */ = {isa = PBXBuildFile; fileRef = 2053F32D29F8604C00E9925E /* Preview Assets.xcassets */; };
/* End PBXBuildFile section */

/* Begin PBXFileReference section */
		043189AF2A08C46B001D7073 /* LoginView.swift */ = {isa = PBXFileReference; lastKnownFileType = sourcecode.swift; path = LoginView.swift; sourceTree = "<group>"; };
		043189B42A08CD47001D7073 /* String.swift */ = {isa = PBXFileReference; lastKnownFileType = sourcecode.swift; path = String.swift; sourceTree = "<group>"; };
		043189B62A08D25F001D7073 /* SignUpView.swift */ = {isa = PBXFileReference; lastKnownFileType = sourcecode.swift; path = SignUpView.swift; sourceTree = "<group>"; };
		04C347D52A1B20CB00642417 /* Laporan.swift */ = {isa = PBXFileReference; lastKnownFileType = sourcecode.swift; path = Laporan.swift; sourceTree = "<group>"; };
		04C347D72A1B220100642417 /* Admin.swift */ = {isa = PBXFileReference; lastKnownFileType = sourcecode.swift; path = Admin.swift; sourceTree = "<group>"; };
		04C347DA2A1B228D00642417 /* LaporanViewModel.swift */ = {isa = PBXFileReference; lastKnownFileType = sourcecode.swift; path = LaporanViewModel.swift; sourceTree = "<group>"; };
		2053F32329F8604B00E9925E /* TailTrack.app */ = {isa = PBXFileReference; explicitFileType = wrapper.application; includeInIndex = 0; path = TailTrack.app; sourceTree = BUILT_PRODUCTS_DIR; };
		2053F32629F8604B00E9925E /* TailTrackApp.swift */ = {isa = PBXFileReference; lastKnownFileType = sourcecode.swift; path = TailTrackApp.swift; sourceTree = "<group>"; };
		2053F32829F8604B00E9925E /* ContentView.swift */ = {isa = PBXFileReference; lastKnownFileType = sourcecode.swift; path = ContentView.swift; sourceTree = "<group>"; };
		2053F32A29F8604C00E9925E /* Assets.xcassets */ = {isa = PBXFileReference; lastKnownFileType = folder.assetcatalog; path = Assets.xcassets; sourceTree = "<group>"; };
		2053F32D29F8604C00E9925E /* Preview Assets.xcassets */ = {isa = PBXFileReference; lastKnownFileType = folder.assetcatalog; path = "Preview Assets.xcassets"; sourceTree = "<group>"; };
/* End PBXFileReference section */

/* Begin PBXFrameworksBuildPhase section */
		2053F32029F8604B00E9925E /* Frameworks */ = {
			isa = PBXFrameworksBuildPhase;
			buildActionMask = 2147483647;
			files = (
			);
			runOnlyForDeploymentPostprocessing = 0;
		};
/* End PBXFrameworksBuildPhase section */

/* Begin PBXGroup section */
		043189AE2A08C45A001D7073 /* Views */ = {
			isa = PBXGroup;
			children = (
				043189AF2A08C46B001D7073 /* LoginView.swift */,
				043189B62A08D25F001D7073 /* SignUpView.swift */,
			);
			path = Views;
			sourceTree = "<group>";
		};
		043189B12A08CC10001D7073 /* Extensions */ = {
			isa = PBXGroup;
			children = (
				043189B42A08CD47001D7073 /* String.swift */,
			);
			path = Extensions;
			sourceTree = "<group>";
		};
		04C347D42A1B20BB00642417 /* Model */ = {
			isa = PBXGroup;
			children = (
				04C347D52A1B20CB00642417 /* Laporan.swift */,
				04C347D72A1B220100642417 /* Admin.swift */,
			);
			path = Model;
			sourceTree = "<group>";
		};
		04C347D92A1B227A00642417 /* ViewModel */ = {
			isa = PBXGroup;
			children = (
				04C347DA2A1B228D00642417 /* LaporanViewModel.swift */,
			);
			path = ViewModel;
			sourceTree = "<group>";
		};
		2053F31A29F8604B00E9925E = {
			isa = PBXGroup;
			children = (
				2053F32529F8604B00E9925E /* TailTrack */,
				2053F32429F8604B00E9925E /* Products */,
			);
			sourceTree = "<group>";
		};
		2053F32429F8604B00E9925E /* Products */ = {
			isa = PBXGroup;
			children = (
				2053F32329F8604B00E9925E /* TailTrack.app */,
			);
			name = Products;
			sourceTree = "<group>";
		};
		2053F32529F8604B00E9925E /* TailTrack */ = {
			isa = PBXGroup;
			children = (
				04C347D92A1B227A00642417 /* ViewModel */,
				04C347D42A1B20BB00642417 /* Model */,
				043189B12A08CC10001D7073 /* Extensions */,
				043189AE2A08C45A001D7073 /* Views */,
				2053F32629F8604B00E9925E /* TailTrackApp.swift */,
				2053F32829F8604B00E9925E /* ContentView.swift */,
				2053F32A29F8604C00E9925E /* Assets.xcassets */,
				2053F32C29F8604C00E9925E /* Preview Content */,
			);
			path = TailTrack;
			sourceTree = "<group>";
		};
		2053F32C29F8604C00E9925E /* Preview Content */ = {
			isa = PBXGroup;
			children = (
				2053F32D29F8604C00E9925E /* Preview Assets.xcassets */,
			);
			path = "Preview Content";
			sourceTree = "<group>";
		};
/* End PBXGroup section */

/* Begin PBXNativeTarget section */
		2053F32229F8604B00E9925E /* TailTrack */ = {
			isa = PBXNativeTarget;
			buildConfigurationList = 2053F33129F8604C00E9925E /* Build configuration list for PBXNativeTarget "TailTrack" */;
			buildPhases = (
				2053F31F29F8604B00E9925E /* Sources */,
				2053F32029F8604B00E9925E /* Frameworks */,
				2053F32129F8604B00E9925E /* Resources */,
			);
			buildRules = (
			);
			dependencies = (
			);
			name = TailTrack;
			productName = TailTrack;
			productReference = 2053F32329F8604B00E9925E /* TailTrack.app */;
			productType = "com.apple.product-type.application";
		};
/* End PBXNativeTarget section */

/* Begin PBXProject section */
		2053F31B29F8604B00E9925E /* Project object */ = {
			isa = PBXProject;
			attributes = {
				BuildIndependentTargetsInParallel = 1;
				LastSwiftUpdateCheck = 1430;
				LastUpgradeCheck = 1430;
				TargetAttributes = {
					2053F32229F8604B00E9925E = {
						CreatedOnToolsVersion = 14.3;
					};
				};
			};
			buildConfigurationList = 2053F31E29F8604B00E9925E /* Build configuration list for PBXProject "TailTrack" */;
			compatibilityVersion = "Xcode 14.0";
			developmentRegion = en;
			hasScannedForEncodings = 0;
			knownRegions = (
				en,
				Base,
			);
			mainGroup = 2053F31A29F8604B00E9925E;
			productRefGroup = 2053F32429F8604B00E9925E /* Products */;
			projectDirPath = "";
			projectRoot = "";
			targets = (
				2053F32229F8604B00E9925E /* TailTrack */,
			);
		};
/* End PBXProject section */

/* Begin PBXResourcesBuildPhase section */
		2053F32129F8604B00E9925E /* Resources */ = {
			isa = PBXResourcesBuildPhase;
			buildActionMask = 2147483647;
			files = (
				2053F32E29F8604C00E9925E /* Preview Assets.xcassets in Resources */,
				2053F32B29F8604C00E9925E /* Assets.xcassets in Resources */,
			);
			runOnlyForDeploymentPostprocessing = 0;
		};
/* End PBXResourcesBuildPhase section */

/* Begin PBXSourcesBuildPhase section */
		2053F31F29F8604B00E9925E /* Sources */ = {
			isa = PBXSourcesBuildPhase;
			buildActionMask = 2147483647;
			files = (
				043189B02A08C46B001D7073 /* LoginView.swift in Sources */,
				043189B72A08D25F001D7073 /* SignUpView.swift in Sources */,
				04C347DB2A1B228D00642417 /* LaporanViewModel.swift in Sources */,
				2053F32929F8604B00E9925E /* ContentView.swift in Sources */,
				04C347D82A1B220100642417 /* Admin.swift in Sources */,
				043189B52A08CD47001D7073 /* String.swift in Sources */,
				2053F32729F8604B00E9925E /* TailTrackApp.swift in Sources */,
				04C347D62A1B20CB00642417 /* Laporan.swift in Sources */,
			);
			runOnlyForDeploymentPostprocessing = 0;
		};
/* End PBXSourcesBuildPhase section */

/* Begin XCBuildConfiguration section */
		2053F32F29F8604C00E9925E /* Debug */ = {
			isa = XCBuildConfiguration;
			buildSettings = {
				ALWAYS_SEARCH_USER_PATHS = NO;
				CLANG_ANALYZER_NONNULL = YES;
				CLANG_ANALYZER_NUMBER_OBJECT_CONVERSION = YES_AGGRESSIVE;
				CLANG_CXX_LANGUAGE_STANDARD = "gnu++20";
				CLANG_ENABLE_MODULES = YES;
				CLANG_ENABLE_OBJC_ARC = YES;
				CLANG_ENABLE_OBJC_WEAK = YES;
				CLANG_WARN_BLOCK_CAPTURE_AUTORELEASING = YES;
				CLANG_WARN_BOOL_CONVERSION = YES;
				CLANG_WARN_COMMA = YES;
				CLANG_WARN_CONSTANT_CONVERSION = YES;
				CLANG_WARN_DEPRECATED_OBJC_IMPLEMENTATIONS = YES;
				CLANG_WARN_DIRECT_OBJC_ISA_USAGE = YES_ERROR;
				CLANG_WARN_DOCUMENTATION_COMMENTS = YES;
				CLANG_WARN_EMPTY_BODY = YES;
				CLANG_WARN_ENUM_CONVERSION = YES;
				CLANG_WARN_INFINITE_RECURSION = YES;
				CLANG_WARN_INT_CONVERSION = YES;
				CLANG_WARN_NON_LITERAL_NULL_CONVERSION = YES;
				CLANG_WARN_OBJC_IMPLICIT_RETAIN_SELF = YES;
				CLANG_WARN_OBJC_LITERAL_CONVERSION = YES;
				CLANG_WARN_OBJC_ROOT_CLASS = YES_ERROR;
				CLANG_WARN_QUOTED_INCLUDE_IN_FRAMEWORK_HEADER = YES;
				CLANG_WARN_RANGE_LOOP_ANALYSIS = YES;
				CLANG_WARN_STRICT_PROTOTYPES = YES;
				CLANG_WARN_SUSPICIOUS_MOVE = YES;
				CLANG_WARN_UNGUARDED_AVAILABILITY = YES_AGGRESSIVE;
				CLANG_WARN_UNREACHABLE_CODE = YES;
				CLANG_WARN__DUPLICATE_METHOD_MATCH = YES;
				COPY_PHASE_STRIP = NO;
				DEBUG_INFORMATION_FORMAT = dwarf;
				ENABLE_STRICT_OBJC_MSGSEND = YES;
				ENABLE_TESTABILITY = YES;
				GCC_C_LANGUAGE_STANDARD = gnu11;
				GCC_DYNAMIC_NO_PIC = NO;
				GCC_NO_COMMON_BLOCKS = YES;
				GCC_OPTIMIZATION_LEVEL = 0;
				GCC_PREPROCESSOR_DEFINITIONS = (
					"DEBUG=1",
					"$(inherited)",
				);
				GCC_WARN_64_TO_32_BIT_CONVERSION = YES;
				GCC_WARN_ABOUT_RETURN_TYPE = YES_ERROR;
				GCC_WARN_UNDECLARED_SELECTOR = YES;
				GCC_WARN_UNINITIALIZED_AUTOS = YES_AGGRESSIVE;
				GCC_WARN_UNUSED_FUNCTION = YES;
				GCC_WARN_UNUSED_VARIABLE = YES;
				IPHONEOS_DEPLOYMENT_TARGET = 16.4;
				MTL_ENABLE_DEBUG_INFO = INCLUDE_SOURCE;
				MTL_FAST_MATH = YES;
				ONLY_ACTIVE_ARCH = YES;
				SDKROOT = iphoneos;
				SWIFT_ACTIVE_COMPILATION_CONDITIONS = DEBUG;
				SWIFT_OPTIMIZATION_LEVEL = "-Onone";
			};
			name = Debug;
		};
		2053F33029F8604C00E9925E /* Release */ = {
			isa = XCBuildConfiguration;
			buildSettings = {
				ALWAYS_SEARCH_USER_PATHS = NO;
				CLANG_ANALYZER_NONNULL = YES;
				CLANG_ANALYZER_NUMBER_OBJECT_CONVERSION = YES_AGGRESSIVE;
				CLANG_CXX_LANGUAGE_STANDARD = "gnu++20";
				CLANG_ENABLE_MODULES = YES;
				CLANG_ENABLE_OBJC_ARC = YES;
				CLANG_ENABLE_OBJC_WEAK = YES;
				CLANG_WARN_BLOCK_CAPTURE_AUTORELEASING = YES;
				CLANG_WARN_BOOL_CONVERSION = YES;
				CLANG_WARN_COMMA = YES;
				CLANG_WARN_CONSTANT_CONVERSION = YES;
				CLANG_WARN_DEPRECATED_OBJC_IMPLEMENTATIONS = YES;
				CLANG_WARN_DIRECT_OBJC_ISA_USAGE = YES_ERROR;
				CLANG_WARN_DOCUMENTATION_COMMENTS = YES;
				CLANG_WARN_EMPTY_BODY = YES;
				CLANG_WARN_ENUM_CONVERSION = YES;
				CLANG_WARN_INFINITE_RECURSION = YES;
				CLANG_WARN_INT_CONVERSION = YES;
				CLANG_WARN_NON_LITERAL_NULL_CONVERSION = YES;
				CLANG_WARN_OBJC_IMPLICIT_RETAIN_SELF = YES;
				CLANG_WARN_OBJC_LITERAL_CONVERSION = YES;
				CLANG_WARN_OBJC_ROOT_CLASS = YES_ERROR;
				CLANG_WARN_QUOTED_INCLUDE_IN_FRAMEWORK_HEADER = YES;
				CLANG_WARN_RANGE_LOOP_ANALYSIS = YES;
				CLANG_WARN_STRICT_PROTOTYPES = YES;
				CLANG_WARN_SUSPICIOUS_MOVE = YES;
				CLANG_WARN_UNGUARDED_AVAILABILITY = YES_AGGRESSIVE;
				CLANG_WARN_UNREACHABLE_CODE = YES;
				CLANG_WARN__DUPLICATE_METHOD_MATCH = YES;
				COPY_PHASE_STRIP = NO;
				DEBUG_INFORMATION_FORMAT = "dwarf-with-dsym";
				ENABLE_NS_ASSERTIONS = NO;
				ENABLE_STRICT_OBJC_MSGSEND = YES;
				GCC_C_LANGUAGE_STANDARD = gnu11;
				GCC_NO_COMMON_BLOCKS = YES;
				GCC_WARN_64_TO_32_BIT_CONVERSION = YES;
				GCC_WARN_ABOUT_RETURN_TYPE = YES_ERROR;
				GCC_WARN_UNDECLARED_SELECTOR = YES;
				GCC_WARN_UNINITIALIZED_AUTOS = YES_AGGRESSIVE;
				GCC_WARN_UNUSED_FUNCTION = YES;
				GCC_WARN_UNUSED_VARIABLE = YES;
				IPHONEOS_DEPLOYMENT_TARGET = 16.4;
				MTL_ENABLE_DEBUG_INFO = NO;
				MTL_FAST_MATH = YES;
				SDKROOT = iphoneos;
				SWIFT_COMPILATION_MODE = wholemodule;
				SWIFT_OPTIMIZATION_LEVEL = "-O";
				VALIDATE_PRODUCT = YES;
			};
			name = Release;
		};
		2053F33229F8604C00E9925E /* Debug */ = {
			isa = XCBuildConfiguration;
			buildSettings = {
				ASSETCATALOG_COMPILER_APPICON_NAME = AppIcon;
				ASSETCATALOG_COMPILER_GLOBAL_ACCENT_COLOR_NAME = AccentColor;
				CODE_SIGN_STYLE = Automatic;
				CURRENT_PROJECT_VERSION = 1;
				DEVELOPMENT_ASSET_PATHS = "\"TailTrack/Preview Content\"";
				ENABLE_PREVIEWS = YES;
				GENERATE_INFOPLIST_FILE = YES;
				INFOPLIST_KEY_UIApplicationSceneManifest_Generation = YES;
				INFOPLIST_KEY_UIApplicationSupportsIndirectInputEvents = YES;
				INFOPLIST_KEY_UILaunchScreen_Generation = YES;
				INFOPLIST_KEY_UISupportedInterfaceOrientations_iPad = "UIInterfaceOrientationPortrait UIInterfaceOrientationPortraitUpsideDown UIInterfaceOrientationLandscapeLeft UIInterfaceOrientationLandscapeRight";
				INFOPLIST_KEY_UISupportedInterfaceOrientations_iPhone = "UIInterfaceOrientationPortrait UIInterfaceOrientationLandscapeLeft UIInterfaceOrientationLandscapeRight";
				IPHONEOS_DEPLOYMENT_TARGET = 16.2;
				LD_RUNPATH_SEARCH_PATHS = (
					"$(inherited)",
					"@executable_path/Frameworks",
				);
				MARKETING_VERSION = 1.0;
				PRODUCT_BUNDLE_IDENTIFIER = com.uc.swastika.TailTrack;
				PRODUCT_NAME = "$(TARGET_NAME)";
				SWIFT_EMIT_LOC_STRINGS = YES;
				SWIFT_VERSION = 5.0;
				TARGETED_DEVICE_FAMILY = "1,2";
			};
			name = Debug;
		};
		2053F33329F8604C00E9925E /* Release */ = {
			isa = XCBuildConfiguration;
			buildSettings = {
				ASSETCATALOG_COMPILER_APPICON_NAME = AppIcon;
				ASSETCATALOG_COMPILER_GLOBAL_ACCENT_COLOR_NAME = AccentColor;
				CODE_SIGN_STYLE = Automatic;
				CURRENT_PROJECT_VERSION = 1;
				DEVELOPMENT_ASSET_PATHS = "\"TailTrack/Preview Content\"";
				ENABLE_PREVIEWS = YES;
				GENERATE_INFOPLIST_FILE = YES;
				INFOPLIST_KEY_UIApplicationSceneManifest_Generation = YES;
				INFOPLIST_KEY_UIApplicationSupportsIndirectInputEvents = YES;
				INFOPLIST_KEY_UILaunchScreen_Generation = YES;
				INFOPLIST_KEY_UISupportedInterfaceOrientations_iPad = "UIInterfaceOrientationPortrait UIInterfaceOrientationPortraitUpsideDown UIInterfaceOrientationLandscapeLeft UIInterfaceOrientationLandscapeRight";
				INFOPLIST_KEY_UISupportedInterfaceOrientations_iPhone = "UIInterfaceOrientationPortrait UIInterfaceOrientationLandscapeLeft UIInterfaceOrientationLandscapeRight";
				IPHONEOS_DEPLOYMENT_TARGET = 16.2;
				LD_RUNPATH_SEARCH_PATHS = (
					"$(inherited)",
					"@executable_path/Frameworks",
				);
				MARKETING_VERSION = 1.0;
				PRODUCT_BUNDLE_IDENTIFIER = com.uc.swastika.TailTrack;
				PRODUCT_NAME = "$(TARGET_NAME)";
				SWIFT_EMIT_LOC_STRINGS = YES;
				SWIFT_VERSION = 5.0;
				TARGETED_DEVICE_FAMILY = "1,2";
			};
			name = Release;
		};
/* End XCBuildConfiguration section */

/* Begin XCConfigurationList section */
		2053F31E29F8604B00E9925E /* Build configuration list for PBXProject "TailTrack" */ = {
			isa = XCConfigurationList;
			buildConfigurations = (
				2053F32F29F8604C00E9925E /* Debug */,
				2053F33029F8604C00E9925E /* Release */,
			);
			defaultConfigurationIsVisible = 0;
			defaultConfigurationName = Release;
		};
		2053F33129F8604C00E9925E /* Build configuration list for PBXNativeTarget "TailTrack" */ = {
			isa = XCConfigurationList;
			buildConfigurations = (
				2053F33229F8604C00E9925E /* Debug */,
				2053F33329F8604C00E9925E /* Release */,
			);
			defaultConfigurationIsVisible = 0;
			defaultConfigurationName = Release;
		};
/* End XCConfigurationList section */
	};
	rootObject = 2053F31B29F8604B00E9925E /* Project object */;
}
