// !$*UTF8*$!
{
	archiveVersion = 1;
	classes = {
	};
	objectVersion = 56;
	objects = {

/* Begin PBXBuildFile section */
		043189B02A08C46B001D7073 /* LoginView.swift in Sources */ = {isa = PBXBuildFile; fileRef = 043189AF2A08C46B001D7073 /* LoginView.swift */; };
		043189B52A08CD47001D7073 /* String.swift in Sources */ = {isa = PBXBuildFile; fileRef = 043189B42A08CD47001D7073 /* String.swift */; };
		043189B72A08D25F001D7073 /* SignUpView.swift in Sources */ = {isa = PBXBuildFile; fileRef = 043189B62A08D25F001D7073 /* SignUpView.swift */; };
		043D40772A1F0ABC00D531EF /* AddReportView.swift in Sources */ = {isa = PBXBuildFile; fileRef = 043D40762A1F0ABC00D531EF /* AddReportView.swift */; };
		043D40792A1F2D1000D531EF /* LandingPageView.swift in Sources */ = {isa = PBXBuildFile; fileRef = 043D40782A1F2D1000D531EF /* LandingPageView.swift */; };
		043D40802A1F4BB500D531EF /* HomeView.swift in Sources */ = {isa = PBXBuildFile; fileRef = 043D407F2A1F4BB500D531EF /* HomeView.swift */; };
		043D40822A2038C700D531EF /* Dummies.swift in Sources */ = {isa = PBXBuildFile; fileRef = 043D40812A2038C700D531EF /* Dummies.swift */; };
		0460C9972A2C3B2B00D738E1 /* View.swift in Sources */ = {isa = PBXBuildFile; fileRef = 0460C9962A2C3B2B00D738E1 /* View.swift */; };
		04A4CE602A24823000AEFA01 /* FirestoreService.swift in Sources */ = {isa = PBXBuildFile; fileRef = 04A4CE5E2A24822F00AEFA01 /* FirestoreService.swift */; };
		04A4CE612A24823000AEFA01 /* FirestoreServices.swift in Sources */ = {isa = PBXBuildFile; fileRef = 04A4CE5F2A24823000AEFA01 /* FirestoreServices.swift */; };
		04A4CE652A24827400AEFA01 /* ReportDetailAdminView.swift in Sources */ = {isa = PBXBuildFile; fileRef = 04A4CE622A24827400AEFA01 /* ReportDetailAdminView.swift */; };
		04A4CE6F2A24831800AEFA01 /* PopUpButton.swift in Sources */ = {isa = PBXBuildFile; fileRef = 04A4CE682A24831700AEFA01 /* PopUpButton.swift */; };
		04A4CE702A24831800AEFA01 /* ValidationButton.swift in Sources */ = {isa = PBXBuildFile; fileRef = 04A4CE692A24831700AEFA01 /* ValidationButton.swift */; };
		04A4CE712A24831800AEFA01 /* ButtonAction.swift in Sources */ = {isa = PBXBuildFile; fileRef = 04A4CE6A2A24831700AEFA01 /* ButtonAction.swift */; };
		04A4CE722A24831800AEFA01 /* CircleImage.swift in Sources */ = {isa = PBXBuildFile; fileRef = 04A4CE6B2A24831700AEFA01 /* CircleImage.swift */; };
		04A4CE732A24831800AEFA01 /* ButtonDestination.swift in Sources */ = {isa = PBXBuildFile; fileRef = 04A4CE6C2A24831700AEFA01 /* ButtonDestination.swift */; };
		04A4CE742A24831800AEFA01 /* ChooseImage.swift in Sources */ = {isa = PBXBuildFile; fileRef = 04A4CE6D2A24831700AEFA01 /* ChooseImage.swift */; };
		04A4CE752A24831800AEFA01 /* Header.swift in Sources */ = {isa = PBXBuildFile; fileRef = 04A4CE6E2A24831700AEFA01 /* Header.swift */; };
		04A4CE782A24851000AEFA01 /* Item.swift in Sources */ = {isa = PBXBuildFile; fileRef = 04A4CE762A24851000AEFA01 /* Item.swift */; };
		04A4CE792A24851000AEFA01 /* Report.swift in Sources */ = {isa = PBXBuildFile; fileRef = 04A4CE772A24851000AEFA01 /* Report.swift */; };
		04A4CE7D2A24858200AEFA01 /* ItemViewModel.swift in Sources */ = {isa = PBXBuildFile; fileRef = 04A4CE7A2A24858200AEFA01 /* ItemViewModel.swift */; };
		04A4CE7E2A24858200AEFA01 /* ReportViewModel.swift in Sources */ = {isa = PBXBuildFile; fileRef = 04A4CE7B2A24858200AEFA01 /* ReportViewModel.swift */; };
		04A4CE7F2A24858200AEFA01 /* DataManager.swift in Sources */ = {isa = PBXBuildFile; fileRef = 04A4CE7C2A24858200AEFA01 /* DataManager.swift */; };
		04A4CE852A24881D00AEFA01 /* GoogleService-Info.plist in Resources */ = {isa = PBXBuildFile; fileRef = 04A4CE842A24881D00AEFA01 /* GoogleService-Info.plist */; };
		04C347D82A1B220100642417 /* Admin.swift in Sources */ = {isa = PBXBuildFile; fileRef = 04C347D72A1B220100642417 /* Admin.swift */; };
		04C899D72A20668700DCD6BF /* HomeAdminView.swift in Sources */ = {isa = PBXBuildFile; fileRef = 04C899D62A20668700DCD6BF /* HomeAdminView.swift */; };
		04C899DB2A206F1C00DCD6BF /* ImagePickerView.swift in Sources */ = {isa = PBXBuildFile; fileRef = 04C899DA2A206F1C00DCD6BF /* ImagePickerView.swift */; };
		04C899DD2A206FE800DCD6BF /* ImagePickerViewModel.swift in Sources */ = {isa = PBXBuildFile; fileRef = 04C899DC2A206FE800DCD6BF /* ImagePickerViewModel.swift */; };
		04EDB2902A24946C006A97BF /* FirebaseAnalytics in Frameworks */ = {isa = PBXBuildFile; productRef = 04EDB28F2A24946C006A97BF /* FirebaseAnalytics */; };
		04EDB2922A24946C006A97BF /* FirebaseAnalyticsOnDeviceConversion in Frameworks */ = {isa = PBXBuildFile; productRef = 04EDB2912A24946C006A97BF /* FirebaseAnalyticsOnDeviceConversion */; };
		04EDB2942A24946C006A97BF /* FirebaseAnalyticsSwift in Frameworks */ = {isa = PBXBuildFile; productRef = 04EDB2932A24946C006A97BF /* FirebaseAnalyticsSwift */; };
		04EDB2962A24946C006A97BF /* FirebaseAuth in Frameworks */ = {isa = PBXBuildFile; productRef = 04EDB2952A24946C006A97BF /* FirebaseAuth */; };
		04EDB2982A24946C006A97BF /* FirebaseDatabase in Frameworks */ = {isa = PBXBuildFile; productRef = 04EDB2972A24946C006A97BF /* FirebaseDatabase */; };
		04EDB29A2A24946C006A97BF /* FirebaseDatabaseSwift in Frameworks */ = {isa = PBXBuildFile; productRef = 04EDB2992A24946C006A97BF /* FirebaseDatabaseSwift */; };
		04EDB29C2A24946C006A97BF /* FirebaseFirestore in Frameworks */ = {isa = PBXBuildFile; productRef = 04EDB29B2A24946C006A97BF /* FirebaseFirestore */; };
		04EDB29E2A24946C006A97BF /* FirebaseFirestoreSwift in Frameworks */ = {isa = PBXBuildFile; productRef = 04EDB29D2A24946C006A97BF /* FirebaseFirestoreSwift */; };
		04EDB2A02A24946C006A97BF /* FirebaseStorage in Frameworks */ = {isa = PBXBuildFile; productRef = 04EDB29F2A24946C006A97BF /* FirebaseStorage */; };
		04EDB2A32A2496B3006A97BF /* Testing2View.swift in Sources */ = {isa = PBXBuildFile; fileRef = 04EDB2A12A2496B3006A97BF /* Testing2View.swift */; };
		04EDB2A42A2496B3006A97BF /* TestingView.swift in Sources */ = {isa = PBXBuildFile; fileRef = 04EDB2A22A2496B3006A97BF /* TestingView.swift */; };
		04EDB2A62A24971F006A97BF /* SplashScreenView.swift in Sources */ = {isa = PBXBuildFile; fileRef = 04EDB2A52A24971F006A97BF /* SplashScreenView.swift */; };
		04F212042A26209E0020BB98 /* Placeholder.swift in Sources */ = {isa = PBXBuildFile; fileRef = 04F212032A26209E0020BB98 /* Placeholder.swift */; };
		04F212062A2626B50020BB98 /* DetailContent.swift in Sources */ = {isa = PBXBuildFile; fileRef = 04F212052A2626B50020BB98 /* DetailContent.swift */; };
		04F212082A290BCA0020BB98 /* PlaceholderDate.swift in Sources */ = {isa = PBXBuildFile; fileRef = 04F212072A290BCA0020BB98 /* PlaceholderDate.swift */; };
		04F2120B2A29B0260020BB98 /* SDWebImageSwiftUI in Frameworks */ = {isa = PBXBuildFile; productRef = 04F2120A2A29B0260020BB98 /* SDWebImageSwiftUI */; };
		204A81D32A20833700B79291 /* ReportDetailView.swift in Sources */ = {isa = PBXBuildFile; fileRef = 204A81D22A20833700B79291 /* ReportDetailView.swift */; };
		2053F32729F8604B00E9925E /* TailTrackApp.swift in Sources */ = {isa = PBXBuildFile; fileRef = 2053F32629F8604B00E9925E /* TailTrackApp.swift */; };
		2053F32929F8604B00E9925E /* ContentView.swift in Sources */ = {isa = PBXBuildFile; fileRef = 2053F32829F8604B00E9925E /* ContentView.swift */; };
		2053F32B29F8604C00E9925E /* Assets.xcassets in Resources */ = {isa = PBXBuildFile; fileRef = 2053F32A29F8604C00E9925E /* Assets.xcassets */; };
		2053F32E29F8604C00E9925E /* Preview Assets.xcassets in Resources */ = {isa = PBXBuildFile; fileRef = 2053F32D29F8604C00E9925E /* Preview Assets.xcassets */; };
		2095B5102A209E47002E133E /* AdminReportDetailView.swift in Sources */ = {isa = PBXBuildFile; fileRef = 2095B50F2A209E47002E133E /* AdminReportDetailView.swift */; };
		20B2927C2A20BF6A00750DF5 /* PopUpView.swift in Sources */ = {isa = PBXBuildFile; fileRef = 20B2927B2A20BF6A00750DF5 /* PopUpView.swift */; };
/* End PBXBuildFile section */

/* Begin PBXFileReference section */
		043189AF2A08C46B001D7073 /* LoginView.swift */ = {isa = PBXFileReference; lastKnownFileType = sourcecode.swift; path = LoginView.swift; sourceTree = "<group>"; };
		043189B42A08CD47001D7073 /* String.swift */ = {isa = PBXFileReference; lastKnownFileType = sourcecode.swift; path = String.swift; sourceTree = "<group>"; };
		043189B62A08D25F001D7073 /* SignUpView.swift */ = {isa = PBXFileReference; lastKnownFileType = sourcecode.swift; path = SignUpView.swift; sourceTree = "<group>"; };
		043D40762A1F0ABC00D531EF /* AddReportView.swift */ = {isa = PBXFileReference; lastKnownFileType = sourcecode.swift; path = AddReportView.swift; sourceTree = "<group>"; };
		043D40782A1F2D1000D531EF /* LandingPageView.swift */ = {isa = PBXFileReference; lastKnownFileType = sourcecode.swift; path = LandingPageView.swift; sourceTree = "<group>"; };
		043D407F2A1F4BB500D531EF /* HomeView.swift */ = {isa = PBXFileReference; lastKnownFileType = sourcecode.swift; path = HomeView.swift; sourceTree = "<group>"; };
		043D40812A2038C700D531EF /* Dummies.swift */ = {isa = PBXFileReference; lastKnownFileType = sourcecode.swift; path = Dummies.swift; sourceTree = "<group>"; };
		0460C9962A2C3B2B00D738E1 /* View.swift */ = {isa = PBXFileReference; lastKnownFileType = sourcecode.swift; path = View.swift; sourceTree = "<group>"; };
		04A4CE5E2A24822F00AEFA01 /* FirestoreService.swift */ = {isa = PBXFileReference; fileEncoding = 4; lastKnownFileType = sourcecode.swift; path = FirestoreService.swift; sourceTree = "<group>"; };
		04A4CE5F2A24823000AEFA01 /* FirestoreServices.swift */ = {isa = PBXFileReference; fileEncoding = 4; lastKnownFileType = sourcecode.swift; path = FirestoreServices.swift; sourceTree = "<group>"; };
		04A4CE622A24827400AEFA01 /* ReportDetailAdminView.swift */ = {isa = PBXFileReference; fileEncoding = 4; lastKnownFileType = sourcecode.swift; path = ReportDetailAdminView.swift; sourceTree = "<group>"; };
		04A4CE682A24831700AEFA01 /* PopUpButton.swift */ = {isa = PBXFileReference; fileEncoding = 4; lastKnownFileType = sourcecode.swift; path = PopUpButton.swift; sourceTree = "<group>"; };
		04A4CE692A24831700AEFA01 /* ValidationButton.swift */ = {isa = PBXFileReference; fileEncoding = 4; lastKnownFileType = sourcecode.swift; path = ValidationButton.swift; sourceTree = "<group>"; };
		04A4CE6A2A24831700AEFA01 /* ButtonAction.swift */ = {isa = PBXFileReference; fileEncoding = 4; lastKnownFileType = sourcecode.swift; path = ButtonAction.swift; sourceTree = "<group>"; };
		04A4CE6B2A24831700AEFA01 /* CircleImage.swift */ = {isa = PBXFileReference; fileEncoding = 4; lastKnownFileType = sourcecode.swift; path = CircleImage.swift; sourceTree = "<group>"; };
		04A4CE6C2A24831700AEFA01 /* ButtonDestination.swift */ = {isa = PBXFileReference; fileEncoding = 4; lastKnownFileType = sourcecode.swift; path = ButtonDestination.swift; sourceTree = "<group>"; };
		04A4CE6D2A24831700AEFA01 /* ChooseImage.swift */ = {isa = PBXFileReference; fileEncoding = 4; lastKnownFileType = sourcecode.swift; path = ChooseImage.swift; sourceTree = "<group>"; };
		04A4CE6E2A24831700AEFA01 /* Header.swift */ = {isa = PBXFileReference; fileEncoding = 4; lastKnownFileType = sourcecode.swift; path = Header.swift; sourceTree = "<group>"; };
		04A4CE762A24851000AEFA01 /* Item.swift */ = {isa = PBXFileReference; fileEncoding = 4; lastKnownFileType = sourcecode.swift; path = Item.swift; sourceTree = "<group>"; };
		04A4CE772A24851000AEFA01 /* Report.swift */ = {isa = PBXFileReference; fileEncoding = 4; lastKnownFileType = sourcecode.swift; path = Report.swift; sourceTree = "<group>"; };
		04A4CE7A2A24858200AEFA01 /* ItemViewModel.swift */ = {isa = PBXFileReference; fileEncoding = 4; lastKnownFileType = sourcecode.swift; path = ItemViewModel.swift; sourceTree = "<group>"; };
		04A4CE7B2A24858200AEFA01 /* ReportViewModel.swift */ = {isa = PBXFileReference; fileEncoding = 4; lastKnownFileType = sourcecode.swift; path = ReportViewModel.swift; sourceTree = "<group>"; };
		04A4CE7C2A24858200AEFA01 /* DataManager.swift */ = {isa = PBXFileReference; fileEncoding = 4; lastKnownFileType = sourcecode.swift; path = DataManager.swift; sourceTree = "<group>"; };
		04A4CE842A24881D00AEFA01 /* GoogleService-Info.plist */ = {isa = PBXFileReference; fileEncoding = 4; lastKnownFileType = text.plist.xml; path = "GoogleService-Info.plist"; sourceTree = "<group>"; };
		04C347D72A1B220100642417 /* Admin.swift */ = {isa = PBXFileReference; lastKnownFileType = sourcecode.swift; path = Admin.swift; sourceTree = "<group>"; };
		04C899D62A20668700DCD6BF /* HomeAdminView.swift */ = {isa = PBXFileReference; lastKnownFileType = sourcecode.swift; path = HomeAdminView.swift; sourceTree = "<group>"; };
		04C899DA2A206F1C00DCD6BF /* ImagePickerView.swift */ = {isa = PBXFileReference; lastKnownFileType = sourcecode.swift; path = ImagePickerView.swift; sourceTree = "<group>"; };
		04C899DC2A206FE800DCD6BF /* ImagePickerViewModel.swift */ = {isa = PBXFileReference; lastKnownFileType = sourcecode.swift; path = ImagePickerViewModel.swift; sourceTree = "<group>"; };
		04EDB2A12A2496B3006A97BF /* Testing2View.swift */ = {isa = PBXFileReference; fileEncoding = 4; lastKnownFileType = sourcecode.swift; path = Testing2View.swift; sourceTree = "<group>"; };
		04EDB2A22A2496B3006A97BF /* TestingView.swift */ = {isa = PBXFileReference; fileEncoding = 4; lastKnownFileType = sourcecode.swift; path = TestingView.swift; sourceTree = "<group>"; };
		04EDB2A52A24971F006A97BF /* SplashScreenView.swift */ = {isa = PBXFileReference; fileEncoding = 4; lastKnownFileType = sourcecode.swift; path = SplashScreenView.swift; sourceTree = "<group>"; };
		04F212032A26209E0020BB98 /* Placeholder.swift */ = {isa = PBXFileReference; lastKnownFileType = sourcecode.swift; path = Placeholder.swift; sourceTree = "<group>"; };
		04F212052A2626B50020BB98 /* DetailContent.swift */ = {isa = PBXFileReference; lastKnownFileType = sourcecode.swift; path = DetailContent.swift; sourceTree = "<group>"; };
		04F212072A290BCA0020BB98 /* PlaceholderDate.swift */ = {isa = PBXFileReference; lastKnownFileType = sourcecode.swift; path = PlaceholderDate.swift; sourceTree = "<group>"; };
		204A81D22A20833700B79291 /* ReportDetailView.swift */ = {isa = PBXFileReference; lastKnownFileType = sourcecode.swift; path = ReportDetailView.swift; sourceTree = "<group>"; };
		2053F32329F8604B00E9925E /* TailTrack.app */ = {isa = PBXFileReference; explicitFileType = wrapper.application; includeInIndex = 0; path = TailTrack.app; sourceTree = BUILT_PRODUCTS_DIR; };
		2053F32629F8604B00E9925E /* TailTrackApp.swift */ = {isa = PBXFileReference; lastKnownFileType = sourcecode.swift; path = TailTrackApp.swift; sourceTree = "<group>"; };
		2053F32829F8604B00E9925E /* ContentView.swift */ = {isa = PBXFileReference; lastKnownFileType = sourcecode.swift; path = ContentView.swift; sourceTree = "<group>"; };
		2053F32A29F8604C00E9925E /* Assets.xcassets */ = {isa = PBXFileReference; lastKnownFileType = folder.assetcatalog; path = Assets.xcassets; sourceTree = "<group>"; };
		2053F32D29F8604C00E9925E /* Preview Assets.xcassets */ = {isa = PBXFileReference; lastKnownFileType = folder.assetcatalog; path = "Preview Assets.xcassets"; sourceTree = "<group>"; };
		2095B50F2A209E47002E133E /* AdminReportDetailView.swift */ = {isa = PBXFileReference; lastKnownFileType = sourcecode.swift; path = AdminReportDetailView.swift; sourceTree = "<group>"; };
		20B2927B2A20BF6A00750DF5 /* PopUpView.swift */ = {isa = PBXFileReference; lastKnownFileType = sourcecode.swift; path = PopUpView.swift; sourceTree = "<group>"; };
/* End PBXFileReference section */

/* Begin PBXFrameworksBuildPhase section */
		2053F32029F8604B00E9925E /* Frameworks */ = {
			isa = PBXFrameworksBuildPhase;
			buildActionMask = 2147483647;
			files = (
				04F2120B2A29B0260020BB98 /* SDWebImageSwiftUI in Frameworks */,
				04EDB29A2A24946C006A97BF /* FirebaseDatabaseSwift in Frameworks */,
				04EDB2982A24946C006A97BF /* FirebaseDatabase in Frameworks */,
				04EDB2A02A24946C006A97BF /* FirebaseStorage in Frameworks */,
				04EDB2942A24946C006A97BF /* FirebaseAnalyticsSwift in Frameworks */,
				04EDB2902A24946C006A97BF /* FirebaseAnalytics in Frameworks */,
				04EDB2922A24946C006A97BF /* FirebaseAnalyticsOnDeviceConversion in Frameworks */,
				04EDB2962A24946C006A97BF /* FirebaseAuth in Frameworks */,
				04EDB29C2A24946C006A97BF /* FirebaseFirestore in Frameworks */,
				04EDB29E2A24946C006A97BF /* FirebaseFirestoreSwift in Frameworks */,
			);
			runOnlyForDeploymentPostprocessing = 0;
		};
/* End PBXFrameworksBuildPhase section */

/* Begin PBXGroup section */
		043189AE2A08C45A001D7073 /* Views */ = {
			isa = PBXGroup;
			children = (
				2053F32829F8604B00E9925E /* ContentView.swift */,
				04C899D52A20666800DCD6BF /* AdminView */,
				043D406E2A1EF1CA00D531EF /* Componenets */,
				04C899D82A206E7A00DCD6BF /* ImagePicker */,
				043D407E2A1F388C00D531EF /* LandingView */,
				043D40752A1F0A5D00D531EF /* PageView */,
			);
			path = Views;
			sourceTree = "<group>";
		};
		043189B12A08CC10001D7073 /* Extensions */ = {
			isa = PBXGroup;
			children = (
				043189B42A08CD47001D7073 /* String.swift */,
				04A4CE5E2A24822F00AEFA01 /* FirestoreService.swift */,
				04A4CE5F2A24823000AEFA01 /* FirestoreServices.swift */,
				043D40812A2038C700D531EF /* Dummies.swift */,
				0460C9962A2C3B2B00D738E1 /* View.swift */,
			);
			path = Extensions;
			sourceTree = "<group>";
		};
		043D406E2A1EF1CA00D531EF /* Componenets */ = {
			isa = PBXGroup;
			children = (
				04A4CE6A2A24831700AEFA01 /* ButtonAction.swift */,
				04A4CE6C2A24831700AEFA01 /* ButtonDestination.swift */,
				04A4CE6D2A24831700AEFA01 /* ChooseImage.swift */,
				04A4CE6B2A24831700AEFA01 /* CircleImage.swift */,
				04F212052A2626B50020BB98 /* DetailContent.swift */,
				04A4CE6E2A24831700AEFA01 /* Header.swift */,
				04F212032A26209E0020BB98 /* Placeholder.swift */,
				04F212072A290BCA0020BB98 /* PlaceholderDate.swift */,
				04A4CE682A24831700AEFA01 /* PopUpButton.swift */,
				04A4CE692A24831700AEFA01 /* ValidationButton.swift */,
			);
			path = Componenets;
			sourceTree = "<group>";
		};
		043D40752A1F0A5D00D531EF /* PageView */ = {
			isa = PBXGroup;
			children = (
				043D40762A1F0ABC00D531EF /* AddReportView.swift */,
				043D407F2A1F4BB500D531EF /* HomeView.swift */,
				20B2927B2A20BF6A00750DF5 /* PopUpView.swift */,
				204A81D22A20833700B79291 /* ReportDetailView.swift */,
				04EDB2A12A2496B3006A97BF /* Testing2View.swift */,
				04EDB2A22A2496B3006A97BF /* TestingView.swift */,
			);
			path = PageView;
			sourceTree = "<group>";
		};
		043D407E2A1F388C00D531EF /* LandingView */ = {
			isa = PBXGroup;
			children = (
				043D40782A1F2D1000D531EF /* LandingPageView.swift */,
				043189AF2A08C46B001D7073 /* LoginView.swift */,
				043189B62A08D25F001D7073 /* SignUpView.swift */,
				04EDB2A52A24971F006A97BF /* SplashScreenView.swift */,
			);
			path = LandingView;
			sourceTree = "<group>";
		};
		04C347D42A1B20BB00642417 /* Model */ = {
			isa = PBXGroup;
			children = (
				04C347D72A1B220100642417 /* Admin.swift */,
				04A4CE762A24851000AEFA01 /* Item.swift */,
				04A4CE772A24851000AEFA01 /* Report.swift */,
			);
			path = Model;
			sourceTree = "<group>";
		};
		04C347D92A1B227A00642417 /* ViewModel */ = {
			isa = PBXGroup;
			children = (
				04A4CE7C2A24858200AEFA01 /* DataManager.swift */,
				04A4CE7A2A24858200AEFA01 /* ItemViewModel.swift */,
				04A4CE7B2A24858200AEFA01 /* ReportViewModel.swift */,
				04C899DC2A206FE800DCD6BF /* ImagePickerViewModel.swift */,
			);
			path = ViewModel;
			sourceTree = "<group>";
		};
		04C899D52A20666800DCD6BF /* AdminView */ = {
			isa = PBXGroup;
			children = (
				2095B50F2A209E47002E133E /* AdminReportDetailView.swift */,
				04C899D62A20668700DCD6BF /* HomeAdminView.swift */,
				04A4CE622A24827400AEFA01 /* ReportDetailAdminView.swift */,
			);
			path = AdminView;
			sourceTree = "<group>";
		};
		04C899D82A206E7A00DCD6BF /* ImagePicker */ = {
			isa = PBXGroup;
			children = (
				04C899DA2A206F1C00DCD6BF /* ImagePickerView.swift */,
			);
			path = ImagePicker;
			sourceTree = "<group>";
		};
		2053F31A29F8604B00E9925E = {
			isa = PBXGroup;
			children = (
				2053F32529F8604B00E9925E /* TailTrack */,
				2053F32429F8604B00E9925E /* Products */,
			);
			sourceTree = "<group>";
		};
		2053F32429F8604B00E9925E /* Products */ = {
			isa = PBXGroup;
			children = (
				2053F32329F8604B00E9925E /* TailTrack.app */,
			);
			name = Products;
			sourceTree = "<group>";
		};
		2053F32529F8604B00E9925E /* TailTrack */ = {
			isa = PBXGroup;
			children = (
				04A4CE842A24881D00AEFA01 /* GoogleService-Info.plist */,
				04C347D92A1B227A00642417 /* ViewModel */,
				04C347D42A1B20BB00642417 /* Model */,
				043189B12A08CC10001D7073 /* Extensions */,
				043189AE2A08C45A001D7073 /* Views */,
				2053F32629F8604B00E9925E /* TailTrackApp.swift */,
				2053F32A29F8604C00E9925E /* Assets.xcassets */,
				2053F32C29F8604C00E9925E /* Preview Content */,
			);
			path = TailTrack;
			sourceTree = "<group>";
		};
		2053F32C29F8604C00E9925E /* Preview Content */ = {
			isa = PBXGroup;
			children = (
				2053F32D29F8604C00E9925E /* Preview Assets.xcassets */,
			);
			path = "Preview Content";
			sourceTree = "<group>";
		};
/* End PBXGroup section */

/* Begin PBXNativeTarget section */
		2053F32229F8604B00E9925E /* TailTrack */ = {
			isa = PBXNativeTarget;
			buildConfigurationList = 2053F33129F8604C00E9925E /* Build configuration list for PBXNativeTarget "TailTrack" */;
			buildPhases = (
				2053F31F29F8604B00E9925E /* Sources */,
				2053F32029F8604B00E9925E /* Frameworks */,
				2053F32129F8604B00E9925E /* Resources */,
			);
			buildRules = (
			);
			dependencies = (
			);
			name = TailTrack;
			packageProductDependencies = (
				04EDB28F2A24946C006A97BF /* FirebaseAnalytics */,
				04EDB2912A24946C006A97BF /* FirebaseAnalyticsOnDeviceConversion */,
				04EDB2932A24946C006A97BF /* FirebaseAnalyticsSwift */,
				04EDB2952A24946C006A97BF /* FirebaseAuth */,
				04EDB2972A24946C006A97BF /* FirebaseDatabase */,
				04EDB2992A24946C006A97BF /* FirebaseDatabaseSwift */,
				04EDB29B2A24946C006A97BF /* FirebaseFirestore */,
				04EDB29D2A24946C006A97BF /* FirebaseFirestoreSwift */,
				04EDB29F2A24946C006A97BF /* FirebaseStorage */,
				04F2120A2A29B0260020BB98 /* SDWebImageSwiftUI */,
			);
			productName = TailTrack;
			productReference = 2053F32329F8604B00E9925E /* TailTrack.app */;
			productType = "com.apple.product-type.application";
		};
/* End PBXNativeTarget section */

/* Begin PBXProject section */
		2053F31B29F8604B00E9925E /* Project object */ = {
			isa = PBXProject;
			attributes = {
				BuildIndependentTargetsInParallel = 1;
				LastSwiftUpdateCheck = 1430;
				LastUpgradeCheck = 1430;
				TargetAttributes = {
					2053F32229F8604B00E9925E = {
						CreatedOnToolsVersion = 14.3;
					};
				};
			};
			buildConfigurationList = 2053F31E29F8604B00E9925E /* Build configuration list for PBXProject "TailTrack" */;
			compatibilityVersion = "Xcode 14.0";
			developmentRegion = en;
			hasScannedForEncodings = 0;
			knownRegions = (
				en,
				Base,
			);
			mainGroup = 2053F31A29F8604B00E9925E;
			packageReferences = (
				04EDB28E2A24946C006A97BF /* XCRemoteSwiftPackageReference "firebase-ios-sdk" */,
				04F212092A29B0250020BB98 /* XCRemoteSwiftPackageReference "SDWebImageSwiftUI" */,
			);
			productRefGroup = 2053F32429F8604B00E9925E /* Products */;
			projectDirPath = "";
			projectRoot = "";
			targets = (
				2053F32229F8604B00E9925E /* TailTrack */,
			);
		};
/* End PBXProject section */

/* Begin PBXResourcesBuildPhase section */
		2053F32129F8604B00E9925E /* Resources */ = {
			isa = PBXResourcesBuildPhase;
			buildActionMask = 2147483647;
			files = (
				2053F32E29F8604C00E9925E /* Preview Assets.xcassets in Resources */,
				2053F32B29F8604C00E9925E /* Assets.xcassets in Resources */,
				04A4CE852A24881D00AEFA01 /* GoogleService-Info.plist in Resources */,
			);
			runOnlyForDeploymentPostprocessing = 0;
		};
/* End PBXResourcesBuildPhase section */

/* Begin PBXSourcesBuildPhase section */
		2053F31F29F8604B00E9925E /* Sources */ = {
			isa = PBXSourcesBuildPhase;
			buildActionMask = 2147483647;
			files = (
				04F212062A2626B50020BB98 /* DetailContent.swift in Sources */,
				04A4CE732A24831800AEFA01 /* ButtonDestination.swift in Sources */,
				043189B02A08C46B001D7073 /* LoginView.swift in Sources */,
				04A4CE602A24823000AEFA01 /* FirestoreService.swift in Sources */,
				043D40802A1F4BB500D531EF /* HomeView.swift in Sources */,
				04C899DD2A206FE800DCD6BF /* ImagePickerViewModel.swift in Sources */,
				0460C9972A2C3B2B00D738E1 /* View.swift in Sources */,
				043D40792A1F2D1000D531EF /* LandingPageView.swift in Sources */,
				04F212042A26209E0020BB98 /* Placeholder.swift in Sources */,
				204A81D32A20833700B79291 /* ReportDetailView.swift in Sources */,
				04A4CE6F2A24831800AEFA01 /* PopUpButton.swift in Sources */,
				04A4CE712A24831800AEFA01 /* ButtonAction.swift in Sources */,
				043D40822A2038C700D531EF /* Dummies.swift in Sources */,
				043189B72A08D25F001D7073 /* SignUpView.swift in Sources */,
				04A4CE792A24851000AEFA01 /* Report.swift in Sources */,
				04A4CE742A24831800AEFA01 /* ChooseImage.swift in Sources */,
				04A4CE702A24831800AEFA01 /* ValidationButton.swift in Sources */,
				04EDB2A42A2496B3006A97BF /* TestingView.swift in Sources */,
				04A4CE652A24827400AEFA01 /* ReportDetailAdminView.swift in Sources */,
				04A4CE612A24823000AEFA01 /* FirestoreServices.swift in Sources */,
				04EDB2A62A24971F006A97BF /* SplashScreenView.swift in Sources */,
				2053F32929F8604B00E9925E /* ContentView.swift in Sources */,
				04A4CE7F2A24858200AEFA01 /* DataManager.swift in Sources */,
				04C347D82A1B220100642417 /* Admin.swift in Sources */,
				04A4CE7D2A24858200AEFA01 /* ItemViewModel.swift in Sources */,
				20B2927C2A20BF6A00750DF5 /* PopUpView.swift in Sources */,
				2095B5102A209E47002E133E /* AdminReportDetailView.swift in Sources */,
				043D40772A1F0ABC00D531EF /* AddReportView.swift in Sources */,
				04C899D72A20668700DCD6BF /* HomeAdminView.swift in Sources */,
				04EDB2A32A2496B3006A97BF /* Testing2View.swift in Sources */,
				04F212082A290BCA0020BB98 /* PlaceholderDate.swift in Sources */,
				043189B52A08CD47001D7073 /* String.swift in Sources */,
				04A4CE7E2A24858200AEFA01 /* ReportViewModel.swift in Sources */,
				2053F32729F8604B00E9925E /* TailTrackApp.swift in Sources */,
				04A4CE752A24831800AEFA01 /* Header.swift in Sources */,
				04C899DB2A206F1C00DCD6BF /* ImagePickerView.swift in Sources */,
				04A4CE722A24831800AEFA01 /* CircleImage.swift in Sources */,
				04A4CE782A24851000AEFA01 /* Item.swift in Sources */,
			);
			runOnlyForDeploymentPostprocessing = 0;
		};
/* End PBXSourcesBuildPhase section */

/* Begin XCBuildConfiguration section */
		2053F32F29F8604C00E9925E /* Debug */ = {
			isa = XCBuildConfiguration;
			buildSettings = {
				ALWAYS_SEARCH_USER_PATHS = NO;
				CLANG_ANALYZER_NONNULL = YES;
				CLANG_ANALYZER_NUMBER_OBJECT_CONVERSION = YES_AGGRESSIVE;
				CLANG_CXX_LANGUAGE_STANDARD = "gnu++20";
				CLANG_ENABLE_MODULES = YES;
				CLANG_ENABLE_OBJC_ARC = YES;
				CLANG_ENABLE_OBJC_WEAK = YES;
				CLANG_WARN_BLOCK_CAPTURE_AUTORELEASING = YES;
				CLANG_WARN_BOOL_CONVERSION = YES;
				CLANG_WARN_COMMA = YES;
				CLANG_WARN_CONSTANT_CONVERSION = YES;
				CLANG_WARN_DEPRECATED_OBJC_IMPLEMENTATIONS = YES;
				CLANG_WARN_DIRECT_OBJC_ISA_USAGE = YES_ERROR;
				CLANG_WARN_DOCUMENTATION_COMMENTS = YES;
				CLANG_WARN_EMPTY_BODY = YES;
				CLANG_WARN_ENUM_CONVERSION = YES;
				CLANG_WARN_INFINITE_RECURSION = YES;
				CLANG_WARN_INT_CONVERSION = YES;
				CLANG_WARN_NON_LITERAL_NULL_CONVERSION = YES;
				CLANG_WARN_OBJC_IMPLICIT_RETAIN_SELF = YES;
				CLANG_WARN_OBJC_LITERAL_CONVERSION = YES;
				CLANG_WARN_OBJC_ROOT_CLASS = YES_ERROR;
				CLANG_WARN_QUOTED_INCLUDE_IN_FRAMEWORK_HEADER = YES;
				CLANG_WARN_RANGE_LOOP_ANALYSIS = YES;
				CLANG_WARN_STRICT_PROTOTYPES = YES;
				CLANG_WARN_SUSPICIOUS_MOVE = YES;
				CLANG_WARN_UNGUARDED_AVAILABILITY = YES_AGGRESSIVE;
				CLANG_WARN_UNREACHABLE_CODE = YES;
				CLANG_WARN__DUPLICATE_METHOD_MATCH = YES;
				COPY_PHASE_STRIP = NO;
				DEBUG_INFORMATION_FORMAT = dwarf;
				ENABLE_STRICT_OBJC_MSGSEND = YES;
				ENABLE_TESTABILITY = YES;
				GCC_C_LANGUAGE_STANDARD = gnu11;
				GCC_DYNAMIC_NO_PIC = NO;
				GCC_NO_COMMON_BLOCKS = YES;
				GCC_OPTIMIZATION_LEVEL = 0;
				GCC_PREPROCESSOR_DEFINITIONS = (
					"DEBUG=1",
					"$(inherited)",
				);
				GCC_WARN_64_TO_32_BIT_CONVERSION = YES;
				GCC_WARN_ABOUT_RETURN_TYPE = YES_ERROR;
				GCC_WARN_UNDECLARED_SELECTOR = YES;
				GCC_WARN_UNINITIALIZED_AUTOS = YES_AGGRESSIVE;
				GCC_WARN_UNUSED_FUNCTION = YES;
				GCC_WARN_UNUSED_VARIABLE = YES;
				IPHONEOS_DEPLOYMENT_TARGET = 16.4;
				MTL_ENABLE_DEBUG_INFO = INCLUDE_SOURCE;
				MTL_FAST_MATH = YES;
				ONLY_ACTIVE_ARCH = YES;
				SDKROOT = iphoneos;
				SWIFT_ACTIVE_COMPILATION_CONDITIONS = DEBUG;
				SWIFT_OPTIMIZATION_LEVEL = "-Onone";
			};
			name = Debug;
		};
		2053F33029F8604C00E9925E /* Release */ = {
			isa = XCBuildConfiguration;
			buildSettings = {
				ALWAYS_SEARCH_USER_PATHS = NO;
				CLANG_ANALYZER_NONNULL = YES;
				CLANG_ANALYZER_NUMBER_OBJECT_CONVERSION = YES_AGGRESSIVE;
				CLANG_CXX_LANGUAGE_STANDARD = "gnu++20";
				CLANG_ENABLE_MODULES = YES;
				CLANG_ENABLE_OBJC_ARC = YES;
				CLANG_ENABLE_OBJC_WEAK = YES;
				CLANG_WARN_BLOCK_CAPTURE_AUTORELEASING = YES;
				CLANG_WARN_BOOL_CONVERSION = YES;
				CLANG_WARN_COMMA = YES;
				CLANG_WARN_CONSTANT_CONVERSION = YES;
				CLANG_WARN_DEPRECATED_OBJC_IMPLEMENTATIONS = YES;
				CLANG_WARN_DIRECT_OBJC_ISA_USAGE = YES_ERROR;
				CLANG_WARN_DOCUMENTATION_COMMENTS = YES;
				CLANG_WARN_EMPTY_BODY = YES;
				CLANG_WARN_ENUM_CONVERSION = YES;
				CLANG_WARN_INFINITE_RECURSION = YES;
				CLANG_WARN_INT_CONVERSION = YES;
				CLANG_WARN_NON_LITERAL_NULL_CONVERSION = YES;
				CLANG_WARN_OBJC_IMPLICIT_RETAIN_SELF = YES;
				CLANG_WARN_OBJC_LITERAL_CONVERSION = YES;
				CLANG_WARN_OBJC_ROOT_CLASS = YES_ERROR;
				CLANG_WARN_QUOTED_INCLUDE_IN_FRAMEWORK_HEADER = YES;
				CLANG_WARN_RANGE_LOOP_ANALYSIS = YES;
				CLANG_WARN_STRICT_PROTOTYPES = YES;
				CLANG_WARN_SUSPICIOUS_MOVE = YES;
				CLANG_WARN_UNGUARDED_AVAILABILITY = YES_AGGRESSIVE;
				CLANG_WARN_UNREACHABLE_CODE = YES;
				CLANG_WARN__DUPLICATE_METHOD_MATCH = YES;
				COPY_PHASE_STRIP = NO;
				DEBUG_INFORMATION_FORMAT = "dwarf-with-dsym";
				ENABLE_NS_ASSERTIONS = NO;
				ENABLE_STRICT_OBJC_MSGSEND = YES;
				GCC_C_LANGUAGE_STANDARD = gnu11;
				GCC_NO_COMMON_BLOCKS = YES;
				GCC_WARN_64_TO_32_BIT_CONVERSION = YES;
				GCC_WARN_ABOUT_RETURN_TYPE = YES_ERROR;
				GCC_WARN_UNDECLARED_SELECTOR = YES;
				GCC_WARN_UNINITIALIZED_AUTOS = YES_AGGRESSIVE;
				GCC_WARN_UNUSED_FUNCTION = YES;
				GCC_WARN_UNUSED_VARIABLE = YES;
				IPHONEOS_DEPLOYMENT_TARGET = 16.4;
				MTL_ENABLE_DEBUG_INFO = NO;
				MTL_FAST_MATH = YES;
				SDKROOT = iphoneos;
				SWIFT_COMPILATION_MODE = wholemodule;
				SWIFT_OPTIMIZATION_LEVEL = "-O";
				VALIDATE_PRODUCT = YES;
			};
			name = Release;
		};
		2053F33229F8604C00E9925E /* Debug */ = {
			isa = XCBuildConfiguration;
			buildSettings = {
				ASSETCATALOG_COMPILER_APPICON_NAME = AppIcon;
				ASSETCATALOG_COMPILER_GLOBAL_ACCENT_COLOR_NAME = AccentColor;
				ASSETCATALOG_COMPILER_INCLUDE_ALL_APPICON_ASSETS = NO;
				CODE_SIGN_STYLE = Automatic;
				CURRENT_PROJECT_VERSION = 1;
				DEVELOPMENT_ASSET_PATHS = "\"TailTrack/Preview Content\"";
				ENABLE_PREVIEWS = YES;
				GENERATE_INFOPLIST_FILE = YES;
				INFOPLIST_KEY_UIApplicationSceneManifest_Generation = YES;
				INFOPLIST_KEY_UIApplicationSupportsIndirectInputEvents = YES;
				INFOPLIST_KEY_UILaunchScreen_Generation = YES;
				INFOPLIST_KEY_UISupportedInterfaceOrientations_iPad = "UIInterfaceOrientationPortrait UIInterfaceOrientationPortraitUpsideDown UIInterfaceOrientationLandscapeLeft UIInterfaceOrientationLandscapeRight";
				INFOPLIST_KEY_UISupportedInterfaceOrientations_iPhone = "UIInterfaceOrientationPortrait UIInterfaceOrientationLandscapeLeft UIInterfaceOrientationLandscapeRight";
				IPHONEOS_DEPLOYMENT_TARGET = 16.2;
				LD_RUNPATH_SEARCH_PATHS = (
					"$(inherited)",
					"@executable_path/Frameworks",
				);
				MARKETING_VERSION = 1.0;
				PRODUCT_BUNDLE_IDENTIFIER = com.uc.swastika.TailTrack;
				PRODUCT_NAME = "$(TARGET_NAME)";
				SWIFT_EMIT_LOC_STRINGS = YES;
				SWIFT_VERSION = 5.0;
				TARGETED_DEVICE_FAMILY = "1,2";
			};
			name = Debug;
		};
		2053F33329F8604C00E9925E /* Release */ = {
			isa = XCBuildConfiguration;
			buildSettings = {
				ASSETCATALOG_COMPILER_APPICON_NAME = AppIcon;
				ASSETCATALOG_COMPILER_GLOBAL_ACCENT_COLOR_NAME = AccentColor;
				ASSETCATALOG_COMPILER_INCLUDE_ALL_APPICON_ASSETS = NO;
				CODE_SIGN_STYLE = Automatic;
				CURRENT_PROJECT_VERSION = 1;
				DEVELOPMENT_ASSET_PATHS = "\"TailTrack/Preview Content\"";
				ENABLE_PREVIEWS = YES;
				GENERATE_INFOPLIST_FILE = YES;
				INFOPLIST_KEY_UIApplicationSceneManifest_Generation = YES;
				INFOPLIST_KEY_UIApplicationSupportsIndirectInputEvents = YES;
				INFOPLIST_KEY_UILaunchScreen_Generation = YES;
				INFOPLIST_KEY_UISupportedInterfaceOrientations_iPad = "UIInterfaceOrientationPortrait UIInterfaceOrientationPortraitUpsideDown UIInterfaceOrientationLandscapeLeft UIInterfaceOrientationLandscapeRight";
				INFOPLIST_KEY_UISupportedInterfaceOrientations_iPhone = "UIInterfaceOrientationPortrait UIInterfaceOrientationLandscapeLeft UIInterfaceOrientationLandscapeRight";
				IPHONEOS_DEPLOYMENT_TARGET = 16.2;
				LD_RUNPATH_SEARCH_PATHS = (
					"$(inherited)",
					"@executable_path/Frameworks",
				);
				MARKETING_VERSION = 1.0;
				PRODUCT_BUNDLE_IDENTIFIER = com.uc.swastika.TailTrack;
				PRODUCT_NAME = "$(TARGET_NAME)";
				SWIFT_EMIT_LOC_STRINGS = YES;
				SWIFT_VERSION = 5.0;
				TARGETED_DEVICE_FAMILY = "1,2";
			};
			name = Release;
		};
/* End XCBuildConfiguration section */

/* Begin XCConfigurationList section */
		2053F31E29F8604B00E9925E /* Build configuration list for PBXProject "TailTrack" */ = {
			isa = XCConfigurationList;
			buildConfigurations = (
				2053F32F29F8604C00E9925E /* Debug */,
				2053F33029F8604C00E9925E /* Release */,
			);
			defaultConfigurationIsVisible = 0;
			defaultConfigurationName = Release;
		};
		2053F33129F8604C00E9925E /* Build configuration list for PBXNativeTarget "TailTrack" */ = {
			isa = XCConfigurationList;
			buildConfigurations = (
				2053F33229F8604C00E9925E /* Debug */,
				2053F33329F8604C00E9925E /* Release */,
			);
			defaultConfigurationIsVisible = 0;
			defaultConfigurationName = Release;
		};
/* End XCConfigurationList section */

/* Begin XCRemoteSwiftPackageReference section */
		04EDB28E2A24946C006A97BF /* XCRemoteSwiftPackageReference "firebase-ios-sdk" */ = {
			isa = XCRemoteSwiftPackageReference;
			repositoryURL = "https://github.com/firebase/firebase-ios-sdk";
			requirement = {
				branch = master;
				kind = branch;
			};
		};
		04F212092A29B0250020BB98 /* XCRemoteSwiftPackageReference "SDWebImageSwiftUI" */ = {
			isa = XCRemoteSwiftPackageReference;
			repositoryURL = "https://github.com/SDWebImage/SDWebImageSwiftUI";
			requirement = {
				kind = upToNextMajorVersion;
				minimumVersion = 2.0.0;
			};
		};
/* End XCRemoteSwiftPackageReference section */

/* Begin XCSwiftPackageProductDependency section */
		04EDB28F2A24946C006A97BF /* FirebaseAnalytics */ = {
			isa = XCSwiftPackageProductDependency;
			package = 04EDB28E2A24946C006A97BF /* XCRemoteSwiftPackageReference "firebase-ios-sdk" */;
			productName = FirebaseAnalytics;
		};
		04EDB2912A24946C006A97BF /* FirebaseAnalyticsOnDeviceConversion */ = {
			isa = XCSwiftPackageProductDependency;
			package = 04EDB28E2A24946C006A97BF /* XCRemoteSwiftPackageReference "firebase-ios-sdk" */;
			productName = FirebaseAnalyticsOnDeviceConversion;
		};
		04EDB2932A24946C006A97BF /* FirebaseAnalyticsSwift */ = {
			isa = XCSwiftPackageProductDependency;
			package = 04EDB28E2A24946C006A97BF /* XCRemoteSwiftPackageReference "firebase-ios-sdk" */;
			productName = FirebaseAnalyticsSwift;
		};
		04EDB2952A24946C006A97BF /* FirebaseAuth */ = {
			isa = XCSwiftPackageProductDependency;
			package = 04EDB28E2A24946C006A97BF /* XCRemoteSwiftPackageReference "firebase-ios-sdk" */;
			productName = FirebaseAuth;
		};
		04EDB2972A24946C006A97BF /* FirebaseDatabase */ = {
			isa = XCSwiftPackageProductDependency;
			package = 04EDB28E2A24946C006A97BF /* XCRemoteSwiftPackageReference "firebase-ios-sdk" */;
			productName = FirebaseDatabase;
		};
		04EDB2992A24946C006A97BF /* FirebaseDatabaseSwift */ = {
			isa = XCSwiftPackageProductDependency;
			package = 04EDB28E2A24946C006A97BF /* XCRemoteSwiftPackageReference "firebase-ios-sdk" */;
			productName = FirebaseDatabaseSwift;
		};
		04EDB29B2A24946C006A97BF /* FirebaseFirestore */ = {
			isa = XCSwiftPackageProductDependency;
			package = 04EDB28E2A24946C006A97BF /* XCRemoteSwiftPackageReference "firebase-ios-sdk" */;
			productName = FirebaseFirestore;
		};
		04EDB29D2A24946C006A97BF /* FirebaseFirestoreSwift */ = {
			isa = XCSwiftPackageProductDependency;
			package = 04EDB28E2A24946C006A97BF /* XCRemoteSwiftPackageReference "firebase-ios-sdk" */;
			productName = FirebaseFirestoreSwift;
		};
		04EDB29F2A24946C006A97BF /* FirebaseStorage */ = {
			isa = XCSwiftPackageProductDependency;
			package = 04EDB28E2A24946C006A97BF /* XCRemoteSwiftPackageReference "firebase-ios-sdk" */;
			productName = FirebaseStorage;
		};
		04F2120A2A29B0260020BB98 /* SDWebImageSwiftUI */ = {
			isa = XCSwiftPackageProductDependency;
			package = 04F212092A29B0250020BB98 /* XCRemoteSwiftPackageReference "SDWebImageSwiftUI" */;
			productName = SDWebImageSwiftUI;
		};
/* End XCSwiftPackageProductDependency section */
	};
	rootObject = 2053F31B29F8604B00E9925E /* Project object */;
}
